
Microsoft Visual Studio Solution File, Format Version 12.00
# Visual Studio Version 17
VisualStudioVersion = 17.10.35013.160
MinimumVisualStudioVersion = 10.0.40219.1
Project("{9A19103F-16F7-4668-BE54-9A1E7A4F7556}") = "BG.LocalApi.Domain", "..\BG.LocalWebApp.Domain\BG.LocalApi.Domain.csproj", "{04CA48EA-6E9E-4C19-875C-FADFCAADB298}"
EndProject
Project("{9A19103F-16F7-4668-BE54-9A1E7A4F7556}") = "BG.LocalApi.Application", "..\BG.LocalWebApp.Application\BG.LocalApi.Application.csproj", "{ECC9E9A3-EA4A-4238-A844-82CB20433E2D}"
EndProject
Project("{9A19103F-16F7-4668-BE54-9A1E7A4F7556}") = "BG.LocalWeb.Infrastructure", "..\BG.LocalWebApp.Infrastructure\BG.LocalWeb.Infrastructure.csproj", "{8B8F8A04-5780-497F-AF75-0EB57151813C}"
EndProject
Project("{9A19103F-16F7-4668-BE54-9A1E7A4F7556}") = "BG.LocalApi.API", "..\BG.LocalWebApp.API\BG.LocalApi.API.csproj", "{1024CB28-BEB4-4CEF-875C-D7D93CACC7BF}"
EndProject
Project("{9A19103F-16F7-4668-BE54-9A1E7A4F7556}") = "BG.LocalWebApp.Common", "..\BG.LocalWebApp.Common\BG.LocalWebApp.Common.csproj", "{4A545E32-CE2E-4820-B32F-64DD20FCD483}"
EndProject
Project("{2150E333-8FDC-42A3-9474-1A3956D46DE8}") = "Domains", "Domains", "{B3B67259-5BBD-4455-A528-54A6C80638D1}"
EndProject
Project("{9A19103F-16F7-4668-BE54-9A1E7A4F7556}") = "BG.LocalWeb.Domain", "BG.LocalWeb.Domain.Entities\BG.LocalWeb.Domain.csproj", "{6CACEA6D-6D72-4976-89D9-4269850A20F0}"
EndProject
Project("{2150E333-8FDC-42A3-9474-1A3956D46DE8}") = "Applications", "Applications", "{8E93EC8E-FF2B-4284-9F4B-17AD5AE393D5}"
EndProject
Project("{9A19103F-16F7-4668-BE54-9A1E7A4F7556}") = "BG.LocalWeb.Application", "BG.LocalWeb.Application\BG.LocalWeb.Application.csproj", "{4A37E90E-DF6A-4403-9031-98BF67BF59AF}"
EndProject
Project("{2150E333-8FDC-42A3-9474-1A3956D46DE8}") = "API", "API", "{E8391CDB-307C-4417-A39B-5DAC2714789A}"
EndProject
Project("{2150E333-8FDC-42A3-9474-1A3956D46DE8}") = "Infrastructures", "Infrastructures", "{1D419CAA-102C-448D-8BEC-E10F173F551C}"
EndProject
Project("{9A19103F-16F7-4668-BE54-9A1E7A4F7556}") = "BG.LocalApi.Infrastructure", "BG.LocalApi.Infrastracture\BG.LocalApi.Infrastructure.csproj", "{04C65A16-95DA-4789-874C-3900ED95A4EB}"
EndProject
Project("{9A19103F-16F7-4668-BE54-9A1E7A4F7556}") = "BG.LocalWeb.API", "BG.LocalWeb.API\BG.LocalWeb.API.csproj", "{70B0C9F4-4D5B-4E03-9898-3FF62AD6D547}"
EndProject
Project("{2150E333-8FDC-42A3-9474-1A3956D46DE8}") = "UnitTests", "UnitTests", "{BA2C3EBA-CD6C-4D2B-81D1-CEE76858C6AD}"
EndProject
Project("{9A19103F-16F7-4668-BE54-9A1E7A4F7556}") = "BG.LocalApi.Tests", "BG.LocalApi.Tests\BG.LocalApi.Tests.csproj", "{42FF6D5D-2DE3-450F-AE69-75E3BE40F466}"
EndProject
Project("{FAE04EC0-301F-11D3-BF4B-00C04F79EFBC}") = "BG.LocalWeb", "BG.LocalWeb\BG.LocalWeb.csproj", "{2FEE6F72-BBA0-4732-A302-A194BF36C3B4}"
EndProject
Global
	GlobalSection(SolutionConfigurationPlatforms) = preSolution
		Debug|Any CPU = Debug|Any CPU
		Release|Any CPU = Release|Any CPU
	EndGlobalSection
	GlobalSection(ProjectConfigurationPlatforms) = postSolution
		{04CA48EA-6E9E-4C19-875C-FADFCAADB298}.Debug|Any CPU.ActiveCfg = Debug|Any CPU
		{04CA48EA-6E9E-4C19-875C-FADFCAADB298}.Debug|Any CPU.Build.0 = Debug|Any CPU
		{04CA48EA-6E9E-4C19-875C-FADFCAADB298}.Release|Any CPU.ActiveCfg = Release|Any CPU
		{04CA48EA-6E9E-4C19-875C-FADFCAADB298}.Release|Any CPU.Build.0 = Release|Any CPU
		{ECC9E9A3-EA4A-4238-A844-82CB20433E2D}.Debug|Any CPU.ActiveCfg = Debug|Any CPU
		{ECC9E9A3-EA4A-4238-A844-82CB20433E2D}.Debug|Any CPU.Build.0 = Debug|Any CPU
		{ECC9E9A3-EA4A-4238-A844-82CB20433E2D}.Release|Any CPU.ActiveCfg = Release|Any CPU
		{ECC9E9A3-EA4A-4238-A844-82CB20433E2D}.Release|Any CPU.Build.0 = Release|Any CPU
		{8B8F8A04-5780-497F-AF75-0EB57151813C}.Debug|Any CPU.ActiveCfg = Debug|Any CPU
		{8B8F8A04-5780-497F-AF75-0EB57151813C}.Debug|Any CPU.Build.0 = Debug|Any CPU
		{8B8F8A04-5780-497F-AF75-0EB57151813C}.Release|Any CPU.ActiveCfg = Release|Any CPU
		{8B8F8A04-5780-497F-AF75-0EB57151813C}.Release|Any CPU.Build.0 = Release|Any CPU
		{1024CB28-BEB4-4CEF-875C-D7D93CACC7BF}.Debug|Any CPU.ActiveCfg = Debug|Any CPU
		{1024CB28-BEB4-4CEF-875C-D7D93CACC7BF}.Debug|Any CPU.Build.0 = Debug|Any CPU
		{1024CB28-BEB4-4CEF-875C-D7D93CACC7BF}.Release|Any CPU.ActiveCfg = Release|Any CPU
		{1024CB28-BEB4-4CEF-875C-D7D93CACC7BF}.Release|Any CPU.Build.0 = Release|Any CPU
		{4A545E32-CE2E-4820-B32F-64DD20FCD483}.Debug|Any CPU.ActiveCfg = Debug|Any CPU
		{4A545E32-CE2E-4820-B32F-64DD20FCD483}.Debug|Any CPU.Build.0 = Debug|Any CPU
		{4A545E32-CE2E-4820-B32F-64DD20FCD483}.Release|Any CPU.ActiveCfg = Release|Any CPU
		{4A545E32-CE2E-4820-B32F-64DD20FCD483}.Release|Any CPU.Build.0 = Release|Any CPU
		{6CACEA6D-6D72-4976-89D9-4269850A20F0}.Debug|Any CPU.ActiveCfg = Debug|Any CPU
		{6CACEA6D-6D72-4976-89D9-4269850A20F0}.Debug|Any CPU.Build.0 = Debug|Any CPU
		{6CACEA6D-6D72-4976-89D9-4269850A20F0}.Release|Any CPU.ActiveCfg = Release|Any CPU
		{6CACEA6D-6D72-4976-89D9-4269850A20F0}.Release|Any CPU.Build.0 = Release|Any CPU
		{4A37E90E-DF6A-4403-9031-98BF67BF59AF}.Debug|Any CPU.ActiveCfg = Debug|Any CPU
		{4A37E90E-DF6A-4403-9031-98BF67BF59AF}.Debug|Any CPU.Build.0 = Debug|Any CPU
		{4A37E90E-DF6A-4403-9031-98BF67BF59AF}.Release|Any CPU.ActiveCfg = Release|Any CPU
		{4A37E90E-DF6A-4403-9031-98BF67BF59AF}.Release|Any CPU.Build.0 = Release|Any CPU
		{04C65A16-95DA-4789-874C-3900ED95A4EB}.Debug|Any CPU.ActiveCfg = Debug|Any CPU
		{04C65A16-95DA-4789-874C-3900ED95A4EB}.Debug|Any CPU.Build.0 = Debug|Any CPU
		{04C65A16-95DA-4789-874C-3900ED95A4EB}.Release|Any CPU.ActiveCfg = Release|Any CPU
		{04C65A16-95DA-4789-874C-3900ED95A4EB}.Release|Any CPU.Build.0 = Release|Any CPU
		{70B0C9F4-4D5B-4E03-9898-3FF62AD6D547}.Debug|Any CPU.ActiveCfg = Debug|Any CPU
		{70B0C9F4-4D5B-4E03-9898-3FF62AD6D547}.Debug|Any CPU.Build.0 = Debug|Any CPU
		{70B0C9F4-4D5B-4E03-9898-3FF62AD6D547}.Release|Any CPU.ActiveCfg = Release|Any CPU
		{70B0C9F4-4D5B-4E03-9898-3FF62AD6D547}.Release|Any CPU.Build.0 = Release|Any CPU
		{42FF6D5D-2DE3-450F-AE69-75E3BE40F466}.Debug|Any CPU.ActiveCfg = Debug|Any CPU
		{42FF6D5D-2DE3-450F-AE69-75E3BE40F466}.Debug|Any CPU.Build.0 = Debug|Any CPU
		{42FF6D5D-2DE3-450F-AE69-75E3BE40F466}.Release|Any CPU.ActiveCfg = Release|Any CPU
		{42FF6D5D-2DE3-450F-AE69-75E3BE40F466}.Release|Any CPU.Build.0 = Release|Any CPU
		{2FEE6F72-BBA0-4732-A302-A194BF36C3B4}.Debug|Any CPU.ActiveCfg = Debug|Any CPU
		{2FEE6F72-BBA0-4732-A302-A194BF36C3B4}.Debug|Any CPU.Build.0 = Debug|Any CPU
		{2FEE6F72-BBA0-4732-A302-A194BF36C3B4}.Release|Any CPU.ActiveCfg = Release|Any CPU
		{2FEE6F72-BBA0-4732-A302-A194BF36C3B4}.Release|Any CPU.Build.0 = Release|Any CPU
	EndGlobalSection
	GlobalSection(SolutionProperties) = preSolution
		HideSolutionNode = FALSE
	EndGlobalSection
	GlobalSection(NestedProjects) = preSolution
		{04CA48EA-6E9E-4C19-875C-FADFCAADB298} = {B3B67259-5BBD-4455-A528-54A6C80638D1}
		{ECC9E9A3-EA4A-4238-A844-82CB20433E2D} = {8E93EC8E-FF2B-4284-9F4B-17AD5AE393D5}
		{8B8F8A04-5780-497F-AF75-0EB57151813C} = {1D419CAA-102C-448D-8BEC-E10F173F551C}
		{1024CB28-BEB4-4CEF-875C-D7D93CACC7BF} = {E8391CDB-307C-4417-A39B-5DAC2714789A}
		{6CACEA6D-6D72-4976-89D9-4269850A20F0} = {B3B67259-5BBD-4455-A528-54A6C80638D1}
		{4A37E90E-DF6A-4403-9031-98BF67BF59AF} = {8E93EC8E-FF2B-4284-9F4B-17AD5AE393D5}
		{04C65A16-95DA-4789-874C-3900ED95A4EB} = {1D419CAA-102C-448D-8BEC-E10F173F551C}
		{70B0C9F4-4D5B-4E03-9898-3FF62AD6D547} = {E8391CDB-307C-4417-A39B-5DAC2714789A}
		{42FF6D5D-2DE3-450F-AE69-75E3BE40F466} = {BA2C3EBA-CD6C-4D2B-81D1-CEE76858C6AD}
		{2FEE6F72-BBA0-4732-A302-A194BF36C3B4} = {BA2C3EBA-CD6C-4D2B-81D1-CEE76858C6AD}
	EndGlobalSection
	GlobalSection(ExtensibilityGlobals) = postSolution
		SolutionGuid = {C93AB5B0-6E8C-455F-B56E-E206A923287A}
	EndGlobalSection
EndGlobal
